{
  "name": "as-sample",
  "version": "1.0.0",
  "lockfileVersion": 2,
  "requires": true,
  "packages": {
    "": {
      "name": "as-sample",
      "version": "1.0.0",
      "license": "ISC",
      "workspaces": [
        "packages/*"
      ]
    },
    "node_modules/@liskhq/lisk-codec": {
      "version": "0.2.2",
      "resolved": "https://registry.npmjs.org/@liskhq/lisk-codec/-/lisk-codec-0.2.2.tgz",
      "integrity": "sha512-TrjZYBrhKLNBuPIG0hIKVzb2UddzmhjWNvQE3RQWuBcLK1BbnSr7Zz7r0B1Ta2Rrd1+gJNjF1U6SkXAcqEkw1A==",
      "dev": true,
      "dependencies": {
        "@liskhq/lisk-utils": "^0.2.1",
        "@liskhq/lisk-validator": "^0.6.2"
      },
      "engines": {
        "node": ">=16.14.1 <=16",
        "npm": ">=8.1.0"
      }
    },
    "node_modules/@liskhq/lisk-cryptography": {
      "version": "3.2.1",
      "resolved": "https://registry.npmjs.org/@liskhq/lisk-cryptography/-/lisk-cryptography-3.2.1.tgz",
      "integrity": "sha512-n1yoVXSzKj9ZeVMvOmVkpZwyRBcvInu0sXBB7Z7d1bsgAiTSGKJDz6TVGWTwpEkfn0kk79Sie2QBbulaON57YQ==",
      "dev": true,
      "dependencies": {
        "buffer-reverse": "1.0.1",
        "ed2curve": "0.3.0",
        "tweetnacl": "1.0.3",
        "varuint-bitcoin": "1.1.2"
      },
      "engines": {
        "node": ">=16.14.1 <=16",
        "npm": ">=8.1.0"
      },
      "optionalDependencies": {
        "sodium-native": "3.2.1"
      }
    },
    "node_modules/@liskhq/lisk-utils": {
      "version": "0.2.1",
      "resolved": "https://registry.npmjs.org/@liskhq/lisk-utils/-/lisk-utils-0.2.1.tgz",
      "integrity": "sha512-2vPLoCRVJVYEh8KUePBj/qBrD3i9aM5g3lhimn+RiEweKQSpBBe+BGcBIuNeKtCJtm2A0ChVjSXJV39t7nNh+A==",
      "dev": true,
      "dependencies": {
        "lodash.clonedeep": "4.5.0"
      },
      "engines": {
        "node": ">=16.14.1 <=16",
        "npm": ">=8.1.0"
      }
    },
    "node_modules/@liskhq/lisk-validator": {
      "version": "0.6.2",
      "resolved": "https://registry.npmjs.org/@liskhq/lisk-validator/-/lisk-validator-0.6.2.tgz",
      "integrity": "sha512-BUqi74EqnrTtpVsjGVgD4et8/nJdA/Oau9tK+SeD2vCrzwA09+AI8Eow5d4arJMcvtjOeNbgX7FApJs8MQ38Xw==",
      "dev": true,
      "dependencies": {
        "@liskhq/lisk-cryptography": "^3.2.1",
        "ajv": "8.1.0",
        "ajv-formats": "2.0.2",
        "debug": "4.3.4",
        "semver": "7.3.5",
        "validator": "13.7.0"
      },
      "engines": {
        "node": ">=16.14.1 <=16",
        "npm": ">=8.1.0"
      }
    },
    "node_modules/@types/node": {
      "version": "18.11.18",
      "resolved": "https://registry.npmjs.org/@types/node/-/node-18.11.18.tgz",
      "integrity": "sha512-DHQpWGjyQKSHj3ebjFI/wRKcqQcdR+MoFBygntYOZytCqNfkd2ZC4ARDJ2DQqhjH5p85Nnd3jhUJIXrszFX/JA==",
      "dev": true,
      "license": "MIT"
    },
    "node_modules/ajv": {
      "version": "8.1.0",
      "resolved": "https://registry.npmjs.org/ajv/-/ajv-8.1.0.tgz",
      "integrity": "sha512-B/Sk2Ix7A36fs/ZkuGLIR86EdjbgR6fsAcbx9lOP/QBSXujDNbVmIS/U4Itz5k8fPFDeVZl/zQ/gJW4Jrq6XjQ==",
      "dev": true,
      "dependencies": {
        "fast-deep-equal": "^3.1.1",
        "json-schema-traverse": "^1.0.0",
        "require-from-string": "^2.0.2",
        "uri-js": "^4.2.2"
      },
      "funding": {
        "type": "github",
        "url": "https://github.com/sponsors/epoberezkin"
      }
    },
    "node_modules/ajv-formats": {
      "version": "2.0.2",
      "resolved": "https://registry.npmjs.org/ajv-formats/-/ajv-formats-2.0.2.tgz",
      "integrity": "sha512-Brah4Uo5/U8v76c6euTwtjVFFaVishwnJrQBYpev1JRh4vjA1F4HY3UzQez41YUCszUCXKagG8v6eVRBHV1gkw==",
      "dev": true,
      "dependencies": {
        "ajv": "^8.0.0"
      },
      "peerDependencies": {
        "ajv": "^8.0.0"
      },
      "peerDependenciesMeta": {
        "ajv": {
          "optional": true
        }
      }
    },
    "node_modules/aslisk": {
      "resolved": "packages/hello",
      "link": true
    },
    "node_modules/aslisk-test": {
      "resolved": "packages/test",
      "link": true
    },
    "node_modules/assemblyscript": {
      "version": "0.25.2",
      "resolved": "https://registry.npmjs.org/assemblyscript/-/assemblyscript-0.25.2.tgz",
      "integrity": "sha512-67TQOMvKo23htvSK6lhOzsoQjnplNKkdwgq925uBvQZLDbg9pHfAWhg/R8i8tqKrtk6GH8haOJbQY4oNSQqehA==",
      "license": "Apache-2.0",
      "dependencies": {
        "binaryen": "110.0.0-nightly.20221105",
        "long": "^5.2.0"
      },
      "bin": {
        "asc": "bin/asc.js",
        "asinit": "bin/asinit.js"
      },
      "engines": {
        "node": ">=16.0.0",
        "npm": ">=7.0.0"
      },
      "funding": {
        "type": "opencollective",
        "url": "https://opencollective.com/assemblyscript"
      }
    },
    "node_modules/binaryen": {
      "version": "110.0.0-nightly.20221105",
      "resolved": "https://registry.npmjs.org/binaryen/-/binaryen-110.0.0-nightly.20221105.tgz",
      "integrity": "sha512-OBESOc51q3SwgG8Uv8nMzGnSq7LJpSB/Fu8B3AjlZg6YtCEwRnlDWlnwNB6mdql+VdexfKmNcsrs4K7MYidmdQ==",
      "license": "Apache-2.0",
      "bin": {
        "wasm-opt": "bin/wasm-opt",
        "wasm2js": "bin/wasm2js"
      }
    },
    "node_modules/buffer-reverse": {
      "version": "1.0.1",
      "resolved": "https://registry.npmjs.org/buffer-reverse/-/buffer-reverse-1.0.1.tgz",
      "integrity": "sha512-M87YIUBsZ6N924W57vDwT/aOu8hw7ZgdByz6ijksLjmHJELBASmYTTlNHRgjE+pTsT9oJXGaDSgqqwfdHotDUg==",
      "dev": true
    },
    "node_modules/debug": {
      "version": "4.3.4",
      "resolved": "https://registry.npmjs.org/debug/-/debug-4.3.4.tgz",
      "integrity": "sha512-PRWFHuSU3eDtQJPvnNY7Jcket1j0t5OuOsFzPPzsekD52Zl8qUfFIPEiswXqIvHWGVHOgX+7G/vCNNhehwxfkQ==",
      "dev": true,
      "dependencies": {
        "ms": "2.1.2"
      },
      "engines": {
        "node": ">=6.0"
      },
      "peerDependenciesMeta": {
        "supports-color": {
          "optional": true
        }
      }
    },
    "node_modules/ed2curve": {
      "version": "0.3.0",
      "resolved": "https://registry.npmjs.org/ed2curve/-/ed2curve-0.3.0.tgz",
      "integrity": "sha512-8w2fmmq3hv9rCrcI7g9hms2pMunQr1JINfcjwR9tAyZqhtyaMN991lF/ZfHfr5tzZQ8c7y7aBgZbjfbd0fjFwQ==",
      "dev": true,
      "dependencies": {
        "tweetnacl": "1.x.x"
      }
    },
    "node_modules/fast-deep-equal": {
      "version": "3.1.3",
      "resolved": "https://registry.npmjs.org/fast-deep-equal/-/fast-deep-equal-3.1.3.tgz",
      "integrity": "sha512-f3qQ9oQy9j2AhBe/H9VC91wLmKBCCU/gDOnKNAYG5hswO7BLKj09Hc5HYNz9cGI++xlpDCIgDaitVs03ATR84Q==",
      "dev": true
    },
    "node_modules/ini": {
      "version": "1.3.8",
      "resolved": "https://registry.npmjs.org/ini/-/ini-1.3.8.tgz",
      "integrity": "sha512-JV/yugV2uzW5iMRSiZAyDtQd+nxtUnjeLt0acNdw98kKLrvuRVyB80tsREOE7yvGVgalhZ6RNXCmEHkUKBKxew==",
      "dev": true,
      "optional": true
    },
    "node_modules/json-schema-traverse": {
      "version": "1.0.0",
      "resolved": "https://registry.npmjs.org/json-schema-traverse/-/json-schema-traverse-1.0.0.tgz",
      "integrity": "sha512-NM8/P9n3XjXhIZn1lLhkFaACTOURQXjWhV4BA/RnOv8xvgqtqpAX9IO4mRQxSx1Rlo4tqzeqb0sOlruaOy3dug==",
      "dev": true
    },
    "node_modules/lisk-sdk": {
      "resolved": "packages/sdk",
      "link": true
    },
    "node_modules/lodash.clonedeep": {
      "version": "4.5.0",
      "resolved": "https://registry.npmjs.org/lodash.clonedeep/-/lodash.clonedeep-4.5.0.tgz",
      "integrity": "sha512-H5ZhCF25riFd9uB5UCkVKo61m3S/xZk1x4wA6yp/L3RFP6Z/eHH1ymQcGLo7J3GMPfm0V/7m1tryHuGVxpqEBQ==",
      "license": "MIT"
    },
    "node_modules/long": {
      "version": "5.2.1",
      "resolved": "https://registry.npmjs.org/long/-/long-5.2.1.tgz",
      "integrity": "sha512-GKSNGeNAtw8IryjjkhZxuKB3JzlcLTwjtiQCHKvqQet81I93kXslhDQruGI/QsddO83mcDToBVy7GqGS/zYf/A==",
      "license": "Apache-2.0"
    },
    "node_modules/lru-cache": {
      "version": "6.0.0",
      "resolved": "https://registry.npmjs.org/lru-cache/-/lru-cache-6.0.0.tgz",
      "integrity": "sha512-Jo6dJ04CmSjuznwJSS3pUeWmd/H0ffTlkXXgwZi+eq1UCmqQwCh+eLsYOYCwY991i2Fah4h1BEMCx4qThGbsiA==",
      "dev": true,
      "dependencies": {
        "yallist": "^4.0.0"
      },
      "engines": {
        "node": ">=10"
      }
    },
    "node_modules/ms": {
      "version": "2.1.2",
      "resolved": "https://registry.npmjs.org/ms/-/ms-2.1.2.tgz",
      "integrity": "sha512-sGkPx+VjMtmA6MX27oA4FBFELFCZZ4S4XqeGOXCv68tT+jb3vk/RyaKWP0PTKyWtmLSM0b+adUTEvbs1PEaH2w==",
      "dev": true
    },
    "node_modules/node-gyp-build": {
      "version": "4.6.0",
      "resolved": "https://registry.npmjs.org/node-gyp-build/-/node-gyp-build-4.6.0.tgz",
      "integrity": "sha512-NTZVKn9IylLwUzaKjkas1e4u2DLNcV4rdYagA4PWdPwW87Bi7z+BznyKSRwS/761tV/lzCGXplWsiaMjLqP2zQ==",
      "dev": true,
      "optional": true,
      "bin": {
        "node-gyp-build": "bin.js",
        "node-gyp-build-optional": "optional.js",
        "node-gyp-build-test": "build-test.js"
      }
    },
    "node_modules/punycode": {
      "version": "2.3.0",
      "resolved": "https://registry.npmjs.org/punycode/-/punycode-2.3.0.tgz",
      "integrity": "sha512-rRV+zQD8tVFys26lAGR9WUuS4iUAngJScM+ZRSKtvl5tKeZ2t5bvdNFdNHBW9FWR4guGHlgmsZ1G7BSm2wTbuA==",
      "dev": true,
      "engines": {
        "node": ">=6"
      }
    },
    "node_modules/require-from-string": {
      "version": "2.0.2",
      "resolved": "https://registry.npmjs.org/require-from-string/-/require-from-string-2.0.2.tgz",
      "integrity": "sha512-Xf0nWe6RseziFMu+Ap9biiUbmplq6S9/p+7w7YXP/JBHhrUDDUhwa+vANyubuqfZWTveU//DYVGsDG7RKL/vEw==",
      "dev": true,
      "engines": {
        "node": ">=0.10.0"
      }
    },
    "node_modules/safe-buffer": {
      "version": "5.2.1",
      "resolved": "https://registry.npmjs.org/safe-buffer/-/safe-buffer-5.2.1.tgz",
      "integrity": "sha512-rp3So07KcdmmKbGvgaNxQSJr7bGVSVk5S9Eq1F+ppbRo70+YeaDxkw5Dd8NPN+GD6bjnYm2VuPuCXmpuYvmCXQ==",
      "dev": true,
      "funding": [
        {
          "type": "github",
          "url": "https://github.com/sponsors/feross"
        },
        {
          "type": "patreon",
          "url": "https://www.patreon.com/feross"
        },
        {
          "type": "consulting",
          "url": "https://feross.org/support"
        }
      ]
    },
    "node_modules/semver": {
      "version": "7.3.5",
      "resolved": "https://registry.npmjs.org/semver/-/semver-7.3.5.tgz",
      "integrity": "sha512-PoeGJYh8HK4BTO/a9Tf6ZG3veo/A7ZVsYrSA6J8ny9nb3B1VrpkuN+z9OE5wfE5p6H4LchYZsegiQgbJD94ZFQ==",
      "dev": true,
      "dependencies": {
        "lru-cache": "^6.0.0"
      },
      "bin": {
        "semver": "bin/semver.js"
      },
      "engines": {
        "node": ">=10"
      }
    },
    "node_modules/sodium-native": {
      "version": "3.2.1",
      "resolved": "https://registry.npmjs.org/sodium-native/-/sodium-native-3.2.1.tgz",
      "integrity": "sha512-EgDZ/Z7PxL2kCasKk7wnRkV8W9kvwuIlHuHXAxkQm3FF0MgVsjyLBXGjSRGhjE6u7rhSpk3KaMfFM23bfMysIQ==",
      "dev": true,
      "hasInstallScript": true,
      "optional": true,
      "dependencies": {
        "ini": "^1.3.5",
        "node-gyp-build": "^4.2.0"
      }
    },
    "node_modules/ts-mixer": {
      "version": "6.0.2",
      "resolved": "https://registry.npmjs.org/ts-mixer/-/ts-mixer-6.0.2.tgz",
      "integrity": "sha512-zvHx3VM83m2WYCE8XL99uaM7mFwYSkjR2OZti98fabHrwkjsCvgwChda5xctein3xGOyaQhtTeDq/1H/GNvF3A==",
      "license": "MIT"
    },
    "node_modules/tweetnacl": {
      "version": "1.0.3",
      "resolved": "https://registry.npmjs.org/tweetnacl/-/tweetnacl-1.0.3.tgz",
      "integrity": "sha512-6rt+RN7aOi1nGMyC4Xa5DdYiukl2UWCbcJft7YhxReBGQD7OAM8Pbxw6YMo4r2diNEA8FEmu32YOn9rhaiE5yw==",
      "dev": true
    },
    "node_modules/typescript": {
      "version": "4.9.4",
      "resolved": "https://registry.npmjs.org/typescript/-/typescript-4.9.4.tgz",
      "integrity": "sha512-Uz+dTXYzxXXbsFpM86Wh3dKCxrQqUcVMxwU54orwlJjOpO3ao8L7j5lH+dWfTwgCwIuM9GQ2kvVotzYJMXTBZg==",
      "dev": true,
      "license": "Apache-2.0",
      "bin": {
        "tsc": "bin/tsc",
        "tsserver": "bin/tsserver"
      },
      "engines": {
        "node": ">=4.2.0"
      }
    },
    "node_modules/uri-js": {
      "version": "4.4.1",
      "resolved": "https://registry.npmjs.org/uri-js/-/uri-js-4.4.1.tgz",
      "integrity": "sha512-7rKUyy33Q1yc98pQ1DAmLtwX109F7TIfWlW1Ydo8Wl1ii1SeHieeh0HHfPeL2fMXK6z0s8ecKs9frCuLJvndBg==",
      "dev": true,
      "dependencies": {
        "punycode": "^2.1.0"
      }
    },
    "node_modules/validator": {
      "version": "13.7.0",
      "resolved": "https://registry.npmjs.org/validator/-/validator-13.7.0.tgz",
      "integrity": "sha512-nYXQLCBkpJ8X6ltALua9dRrZDHVYxjJ1wgskNt1lH9fzGjs3tgojGSCBjmEPwkWS1y29+DrizMTW19Pr9uB2nw==",
      "dev": true,
      "engines": {
        "node": ">= 0.10"
      }
    },
    "node_modules/varuint-bitcoin": {
      "version": "1.1.2",
      "resolved": "https://registry.npmjs.org/varuint-bitcoin/-/varuint-bitcoin-1.1.2.tgz",
      "integrity": "sha512-4EVb+w4rx+YfVM32HQX42AbbT7/1f5zwAYhIujKXKk8NQK+JfRVl3pqT3hjNn/L+RstigmGGKVwHA/P0wgITZw==",
      "dev": true,
      "dependencies": {
        "safe-buffer": "^5.1.1"
      }
    },
    "node_modules/visitor-as": {
      "version": "0.11.4",
      "resolved": "https://registry.npmjs.org/visitor-as/-/visitor-as-0.11.4.tgz",
      "integrity": "sha512-uih7AooY2V3LhzobjLqyEQzhYYBGeq0y/rZk295foM1Ko498f24NNXBDyM1SgzcLMFCAT/fpmSRco1BpTIdKNQ==",
      "license": "MIT",
      "dependencies": {
        "lodash.clonedeep": "^4.5.0",
        "ts-mixer": "^6.0.2"
      },
      "peerDependencies": {
        "assemblyscript": "^0.25.0"
      }
    },
    "node_modules/yallist": {
      "version": "4.0.0",
      "resolved": "https://registry.npmjs.org/yallist/-/yallist-4.0.0.tgz",
      "integrity": "sha512-3wdGidZyq5PB084XLES5TpOSRA3wjXAlIWMhum2kRcv/41Sn2emQ0dycQW4uZXLejwKvg6EsvbdlVL+FYEct7A==",
      "dev": true
    },
    "packages/hello": {
      "name": "aslisk",
      "version": "1.0.0",
      "license": "ISC",
      "devDependencies": {
        "assemblyscript": "^0.25.0",
        "lisk-sdk": "99.0.0"
      }
    },
    "packages/sdk": {
      "name": "lisk-sdk",
      "version": "99.0.0",
      "license": "ISC",
      "dependencies": {
        "visitor-as": "^0.11.4"
      },
      "devDependencies": {
        "@types/node": "^18.11.18",
        "assemblyscript": "^0.25.0",
        "typescript": "^4.9.4"
      }
    },
    "packages/test": {
      "name": "aslisk-test",
      "version": "1.0.0",
      "license": "ISC",
      "devDependencies": {
        "@liskhq/lisk-codec": "0.2.2"
      }
    }
  },
  "dependencies": {
    "@liskhq/lisk-codec": {
      "version": "0.2.2",
      "resolved": "https://registry.npmjs.org/@liskhq/lisk-codec/-/lisk-codec-0.2.2.tgz",
      "integrity": "sha512-TrjZYBrhKLNBuPIG0hIKVzb2UddzmhjWNvQE3RQWuBcLK1BbnSr7Zz7r0B1Ta2Rrd1+gJNjF1U6SkXAcqEkw1A==",
      "dev": true,
      "requires": {
        "@liskhq/lisk-utils": "^0.2.1",
        "@liskhq/lisk-validator": "^0.6.2"
      }
    },
    "@liskhq/lisk-cryptography": {
      "version": "3.2.1",
      "resolved": "https://registry.npmjs.org/@liskhq/lisk-cryptography/-/lisk-cryptography-3.2.1.tgz",
      "integrity": "sha512-n1yoVXSzKj9ZeVMvOmVkpZwyRBcvInu0sXBB7Z7d1bsgAiTSGKJDz6TVGWTwpEkfn0kk79Sie2QBbulaON57YQ==",
      "dev": true,
      "requires": {
        "buffer-reverse": "1.0.1",
        "ed2curve": "0.3.0",
        "sodium-native": "3.2.1",
        "tweetnacl": "1.0.3",
        "varuint-bitcoin": "1.1.2"
      }
    },
    "@liskhq/lisk-utils": {
      "version": "0.2.1",
      "resolved": "https://registry.npmjs.org/@liskhq/lisk-utils/-/lisk-utils-0.2.1.tgz",
      "integrity": "sha512-2vPLoCRVJVYEh8KUePBj/qBrD3i9aM5g3lhimn+RiEweKQSpBBe+BGcBIuNeKtCJtm2A0ChVjSXJV39t7nNh+A==",
      "dev": true,
      "requires": {
        "lodash.clonedeep": "4.5.0"
      }
    },
    "@liskhq/lisk-validator": {
      "version": "0.6.2",
      "resolved": "https://registry.npmjs.org/@liskhq/lisk-validator/-/lisk-validator-0.6.2.tgz",
      "integrity": "sha512-BUqi74EqnrTtpVsjGVgD4et8/nJdA/Oau9tK+SeD2vCrzwA09+AI8Eow5d4arJMcvtjOeNbgX7FApJs8MQ38Xw==",
      "dev": true,
      "requires": {
        "@liskhq/lisk-cryptography": "^3.2.1",
        "ajv": "8.1.0",
        "ajv-formats": "2.0.2",
        "debug": "4.3.4",
        "semver": "7.3.5",
        "validator": "13.7.0"
      }
    },
    "@types/node": {
      "version": "18.11.18",
      "resolved": "https://registry.npmjs.org/@types/node/-/node-18.11.18.tgz",
      "integrity": "sha512-DHQpWGjyQKSHj3ebjFI/wRKcqQcdR+MoFBygntYOZytCqNfkd2ZC4ARDJ2DQqhjH5p85Nnd3jhUJIXrszFX/JA==",
      "dev": true
    },
    "ajv": {
      "version": "8.1.0",
      "resolved": "https://registry.npmjs.org/ajv/-/ajv-8.1.0.tgz",
      "integrity": "sha512-B/Sk2Ix7A36fs/ZkuGLIR86EdjbgR6fsAcbx9lOP/QBSXujDNbVmIS/U4Itz5k8fPFDeVZl/zQ/gJW4Jrq6XjQ==",
      "dev": true,
      "requires": {
        "fast-deep-equal": "^3.1.1",
        "json-schema-traverse": "^1.0.0",
        "require-from-string": "^2.0.2",
        "uri-js": "^4.2.2"
      }
    },
    "ajv-formats": {
      "version": "2.0.2",
      "resolved": "https://registry.npmjs.org/ajv-formats/-/ajv-formats-2.0.2.tgz",
      "integrity": "sha512-Brah4Uo5/U8v76c6euTwtjVFFaVishwnJrQBYpev1JRh4vjA1F4HY3UzQez41YUCszUCXKagG8v6eVRBHV1gkw==",
      "dev": true,
      "requires": {
        "ajv": "^8.0.0"
      }
    },
    "aslisk": {
      "version": "file:packages/hello",
      "requires": {
        "assemblyscript": "^0.25.0",
        "lisk-sdk": "99.0.0"
      }
    },
    "aslisk-test": {
      "version": "file:packages/test",
      "requires": {
        "@liskhq/lisk-codec": "0.2.2"
      }
    },
    "assemblyscript": {
      "version": "0.25.2",
      "resolved": "https://registry.npmjs.org/assemblyscript/-/assemblyscript-0.25.2.tgz",
      "integrity": "sha512-67TQOMvKo23htvSK6lhOzsoQjnplNKkdwgq925uBvQZLDbg9pHfAWhg/R8i8tqKrtk6GH8haOJbQY4oNSQqehA==",
      "requires": {
        "binaryen": "110.0.0-nightly.20221105",
        "long": "^5.2.0"
      }
    },
    "binaryen": {
      "version": "110.0.0-nightly.20221105",
      "resolved": "https://registry.npmjs.org/binaryen/-/binaryen-110.0.0-nightly.20221105.tgz",
      "integrity": "sha512-OBESOc51q3SwgG8Uv8nMzGnSq7LJpSB/Fu8B3AjlZg6YtCEwRnlDWlnwNB6mdql+VdexfKmNcsrs4K7MYidmdQ=="
    },
    "buffer-reverse": {
      "version": "1.0.1",
      "resolved": "https://registry.npmjs.org/buffer-reverse/-/buffer-reverse-1.0.1.tgz",
      "integrity": "sha512-M87YIUBsZ6N924W57vDwT/aOu8hw7ZgdByz6ijksLjmHJELBASmYTTlNHRgjE+pTsT9oJXGaDSgqqwfdHotDUg==",
      "dev": true
    },
    "debug": {
      "version": "4.3.4",
      "resolved": "https://registry.npmjs.org/debug/-/debug-4.3.4.tgz",
      "integrity": "sha512-PRWFHuSU3eDtQJPvnNY7Jcket1j0t5OuOsFzPPzsekD52Zl8qUfFIPEiswXqIvHWGVHOgX+7G/vCNNhehwxfkQ==",
      "dev": true,
      "requires": {
        "ms": "2.1.2"
      }
    },
    "ed2curve": {
      "version": "0.3.0",
      "resolved": "https://registry.npmjs.org/ed2curve/-/ed2curve-0.3.0.tgz",
      "integrity": "sha512-8w2fmmq3hv9rCrcI7g9hms2pMunQr1JINfcjwR9tAyZqhtyaMN991lF/ZfHfr5tzZQ8c7y7aBgZbjfbd0fjFwQ==",
      "dev": true,
      "requires": {
        "tweetnacl": "1.x.x"
      }
    },
    "fast-deep-equal": {
      "version": "3.1.3",
      "resolved": "https://registry.npmjs.org/fast-deep-equal/-/fast-deep-equal-3.1.3.tgz",
      "integrity": "sha512-f3qQ9oQy9j2AhBe/H9VC91wLmKBCCU/gDOnKNAYG5hswO7BLKj09Hc5HYNz9cGI++xlpDCIgDaitVs03ATR84Q==",
      "dev": true
    },
    "ini": {
      "version": "1.3.8",
      "resolved": "https://registry.npmjs.org/ini/-/ini-1.3.8.tgz",
      "integrity": "sha512-JV/yugV2uzW5iMRSiZAyDtQd+nxtUnjeLt0acNdw98kKLrvuRVyB80tsREOE7yvGVgalhZ6RNXCmEHkUKBKxew==",
      "dev": true,
      "optional": true
    },
    "json-schema-traverse": {
      "version": "1.0.0",
      "resolved": "https://registry.npmjs.org/json-schema-traverse/-/json-schema-traverse-1.0.0.tgz",
      "integrity": "sha512-NM8/P9n3XjXhIZn1lLhkFaACTOURQXjWhV4BA/RnOv8xvgqtqpAX9IO4mRQxSx1Rlo4tqzeqb0sOlruaOy3dug==",
      "dev": true
    },
    "lisk-sdk": {
      "version": "file:packages/sdk",
      "requires": {
        "@types/node": "^18.11.18",
        "assemblyscript": "^0.25.0",
        "typescript": "^4.9.4",
        "visitor-as": "^0.11.4"
      }
    },
    "lodash.clonedeep": {
      "version": "4.5.0",
      "resolved": "https://registry.npmjs.org/lodash.clonedeep/-/lodash.clonedeep-4.5.0.tgz",
      "integrity": "sha512-H5ZhCF25riFd9uB5UCkVKo61m3S/xZk1x4wA6yp/L3RFP6Z/eHH1ymQcGLo7J3GMPfm0V/7m1tryHuGVxpqEBQ=="
    },
    "long": {
      "version": "5.2.1",
      "resolved": "https://registry.npmjs.org/long/-/long-5.2.1.tgz",
      "integrity": "sha512-GKSNGeNAtw8IryjjkhZxuKB3JzlcLTwjtiQCHKvqQet81I93kXslhDQruGI/QsddO83mcDToBVy7GqGS/zYf/A=="
    },
    "lru-cache": {
      "version": "6.0.0",
      "resolved": "https://registry.npmjs.org/lru-cache/-/lru-cache-6.0.0.tgz",
      "integrity": "sha512-Jo6dJ04CmSjuznwJSS3pUeWmd/H0ffTlkXXgwZi+eq1UCmqQwCh+eLsYOYCwY991i2Fah4h1BEMCx4qThGbsiA==",
      "dev": true,
      "requires": {
        "yallist": "^4.0.0"
      }
    },
    "ms": {
      "version": "2.1.2",
      "resolved": "https://registry.npmjs.org/ms/-/ms-2.1.2.tgz",
      "integrity": "sha512-sGkPx+VjMtmA6MX27oA4FBFELFCZZ4S4XqeGOXCv68tT+jb3vk/RyaKWP0PTKyWtmLSM0b+adUTEvbs1PEaH2w==",
      "dev": true
    },
    "node-gyp-build": {
      "version": "4.6.0",
      "resolved": "https://registry.npmjs.org/node-gyp-build/-/node-gyp-build-4.6.0.tgz",
      "integrity": "sha512-NTZVKn9IylLwUzaKjkas1e4u2DLNcV4rdYagA4PWdPwW87Bi7z+BznyKSRwS/761tV/lzCGXplWsiaMjLqP2zQ==",
      "dev": true,
      "optional": true
    },
    "punycode": {
      "version": "2.3.0",
      "resolved": "https://registry.npmjs.org/punycode/-/punycode-2.3.0.tgz",
      "integrity": "sha512-rRV+zQD8tVFys26lAGR9WUuS4iUAngJScM+ZRSKtvl5tKeZ2t5bvdNFdNHBW9FWR4guGHlgmsZ1G7BSm2wTbuA==",
      "dev": true
    },
    "require-from-string": {
      "version": "2.0.2",
      "resolved": "https://registry.npmjs.org/require-from-string/-/require-from-string-2.0.2.tgz",
      "integrity": "sha512-Xf0nWe6RseziFMu+Ap9biiUbmplq6S9/p+7w7YXP/JBHhrUDDUhwa+vANyubuqfZWTveU//DYVGsDG7RKL/vEw==",
      "dev": true
    },
    "safe-buffer": {
      "version": "5.2.1",
      "resolved": "https://registry.npmjs.org/safe-buffer/-/safe-buffer-5.2.1.tgz",
      "integrity": "sha512-rp3So07KcdmmKbGvgaNxQSJr7bGVSVk5S9Eq1F+ppbRo70+YeaDxkw5Dd8NPN+GD6bjnYm2VuPuCXmpuYvmCXQ==",
      "dev": true
    },
    "semver": {
      "version": "7.3.5",
      "resolved": "https://registry.npmjs.org/semver/-/semver-7.3.5.tgz",
      "integrity": "sha512-PoeGJYh8HK4BTO/a9Tf6ZG3veo/A7ZVsYrSA6J8ny9nb3B1VrpkuN+z9OE5wfE5p6H4LchYZsegiQgbJD94ZFQ==",
      "dev": true,
      "requires": {
        "lru-cache": "^6.0.0"
      }
    },
    "sodium-native": {
      "version": "3.2.1",
      "resolved": "https://registry.npmjs.org/sodium-native/-/sodium-native-3.2.1.tgz",
      "integrity": "sha512-EgDZ/Z7PxL2kCasKk7wnRkV8W9kvwuIlHuHXAxkQm3FF0MgVsjyLBXGjSRGhjE6u7rhSpk3KaMfFM23bfMysIQ==",
      "dev": true,
      "optional": true,
      "requires": {
        "ini": "^1.3.5",
        "node-gyp-build": "^4.2.0"
      }
    },
    "ts-mixer": {
      "version": "6.0.2",
      "resolved": "https://registry.npmjs.org/ts-mixer/-/ts-mixer-6.0.2.tgz",
      "integrity": "sha512-zvHx3VM83m2WYCE8XL99uaM7mFwYSkjR2OZti98fabHrwkjsCvgwChda5xctein3xGOyaQhtTeDq/1H/GNvF3A=="
    },
    "tweetnacl": {
      "version": "1.0.3",
      "resolved": "https://registry.npmjs.org/tweetnacl/-/tweetnacl-1.0.3.tgz",
      "integrity": "sha512-6rt+RN7aOi1nGMyC4Xa5DdYiukl2UWCbcJft7YhxReBGQD7OAM8Pbxw6YMo4r2diNEA8FEmu32YOn9rhaiE5yw==",
      "dev": true
    },
    "typescript": {
      "version": "4.9.4",
      "resolved": "https://registry.npmjs.org/typescript/-/typescript-4.9.4.tgz",
      "integrity": "sha512-Uz+dTXYzxXXbsFpM86Wh3dKCxrQqUcVMxwU54orwlJjOpO3ao8L7j5lH+dWfTwgCwIuM9GQ2kvVotzYJMXTBZg==",
      "dev": true
    },
    "uri-js": {
      "version": "4.4.1",
      "resolved": "https://registry.npmjs.org/uri-js/-/uri-js-4.4.1.tgz",
      "integrity": "sha512-7rKUyy33Q1yc98pQ1DAmLtwX109F7TIfWlW1Ydo8Wl1ii1SeHieeh0HHfPeL2fMXK6z0s8ecKs9frCuLJvndBg==",
      "dev": true,
      "requires": {
        "punycode": "^2.1.0"
      }
    },
    "validator": {
      "version": "13.7.0",
      "resolved": "https://registry.npmjs.org/validator/-/validator-13.7.0.tgz",
      "integrity": "sha512-nYXQLCBkpJ8X6ltALua9dRrZDHVYxjJ1wgskNt1lH9fzGjs3tgojGSCBjmEPwkWS1y29+DrizMTW19Pr9uB2nw==",
      "dev": true
    },
    "varuint-bitcoin": {
      "version": "1.1.2",
      "resolved": "https://registry.npmjs.org/varuint-bitcoin/-/varuint-bitcoin-1.1.2.tgz",
      "integrity": "sha512-4EVb+w4rx+YfVM32HQX42AbbT7/1f5zwAYhIujKXKk8NQK+JfRVl3pqT3hjNn/L+RstigmGGKVwHA/P0wgITZw==",
      "dev": true,
      "requires": {
        "safe-buffer": "^5.1.1"
      }
    },
    "visitor-as": {
      "version": "0.11.4",
      "resolved": "https://registry.npmjs.org/visitor-as/-/visitor-as-0.11.4.tgz",
      "integrity": "sha512-uih7AooY2V3LhzobjLqyEQzhYYBGeq0y/rZk295foM1Ko498f24NNXBDyM1SgzcLMFCAT/fpmSRco1BpTIdKNQ==",
      "requires": {
        "lodash.clonedeep": "^4.5.0",
        "ts-mixer": "^6.0.2"
      }
    },
    "yallist": {
      "version": "4.0.0",
      "resolved": "https://registry.npmjs.org/yallist/-/yallist-4.0.0.tgz",
      "integrity": "sha512-3wdGidZyq5PB084XLES5TpOSRA3wjXAlIWMhum2kRcv/41Sn2emQ0dycQW4uZXLejwKvg6EsvbdlVL+FYEct7A==",
      "dev": true
    }
  }
}
