# THIS IS AN AUTOGENERATED FILE. DO NOT EDIT THIS FILE DIRECTLY.
# yarn lockfile v1


assemblyscript@^0.22.0:
  version "0.22.0"
  resolved "https://registry.yarnpkg.com/assemblyscript/-/assemblyscript-0.22.0.tgz#4ca71d6790c0f26db5d3e358e860b2d542f6e02b"
  integrity sha512-BC4tV2hc+oNgKOWfXXrl5iD2W+NkQV1MbRNCMi7YE83VoSzrmJj7LqSJMHYc39nKNnX+MiL4DHzp9zCKIMal/g==
  dependencies:
    binaryen "110.0.0-nightly.20221019"
    long "^5.2.0"

binaryen@110.0.0-nightly.20221019:
  version "110.0.0-nightly.20221019"
  resolved "https://registry.yarnpkg.com/binaryen/-/binaryen-110.0.0-nightly.20221019.tgz#3c458f114ea3eb34c64d47d6a03b9529199638c7"
  integrity sha512-BmuVpV5hpeU1G9ENWQUslwaxbmol810S3+yd7xVJap+vrSQz7ybXiirwya1FfYSFtuDbfGYPfQAObiW5O2PS1w==

long@^5.2.0:
  version "5.2.0"
  resolved "https://registry.yarnpkg.com/long/-/long-5.2.0.tgz#2696dadf4b4da2ce3f6f6b89186085d94d52fd61"
  integrity sha512-9RTUNjK60eJbx3uz+TEGF7fUr29ZDxR5QzXcyDpeSfeH28S9ycINflOgOlppit5U+4kNTe83KQnMEerw7GmE8w==
